
Microsoft Visual Studio Solution File, Format Version 12.00
# Visual Studio Version 16
VisualStudioVersion = 16.0.30717.126
MinimumVisualStudioVersion = 10.0.40219.1
Project("{FAE04EC0-301F-11D3-BF4B-00C04F79EFBC}") = "MovieExtract", "MovieExtract\MovieExtract.csproj", "{E858C254-4CCD-45F8-A51B-B1B8366570D9}"
EndProject
Project("{FAE04EC0-301F-11D3-BF4B-00C04F79EFBC}") = "ImageScan", "ImageScan\ImageScan.csproj", "{F4E6E766-9E81-40FC-A187-168CE59AD94D}"
EndProject
Project("{9A19103F-16F7-4668-BE54-9A1E7A4F7556}") = "SINoVision", "SINoVision\SINoVision.csproj", "{29DD44C2-B523-40E9-8994-D30A22581FE9}"
EndProject
Project("{FAE04EC0-301F-11D3-BF4B-00C04F79EFBC}") = "SINoCOLO", "SINoCOLO\SINoCOLO.csproj", "{397A2891-8A6C-4546-AB76-5DFE231A6C45}"
EndProject
Global
	GlobalSection(SolutionConfigurationPlatforms) = preSolution
		Debug|Any CPU = Debug|Any CPU
		Debug|ARM = Debug|ARM
		Debug|ARM64 = Debug|ARM64
		Debug|x64 = Debug|x64
		Debug|x86 = Debug|x86
		Release|Any CPU = Release|Any CPU
		Release|ARM = Release|ARM
		Release|ARM64 = Release|ARM64
		Release|x64 = Release|x64
		Release|x86 = Release|x86
	EndGlobalSection
	GlobalSection(ProjectConfigurationPlatforms) = postSolution
		{E858C254-4CCD-45F8-A51B-B1B8366570D9}.Debug|Any CPU.ActiveCfg = Debug|x86
		{E858C254-4CCD-45F8-A51B-B1B8366570D9}.Debug|ARM.ActiveCfg = Debug|ARM
		{E858C254-4CCD-45F8-A51B-B1B8366570D9}.Debug|ARM.Build.0 = Debug|ARM
		{E858C254-4CCD-45F8-A51B-B1B8366570D9}.Debug|ARM.Deploy.0 = Debug|ARM
		{E858C254-4CCD-45F8-A51B-B1B8366570D9}.Debug|ARM64.ActiveCfg = Debug|ARM64
		{E858C254-4CCD-45F8-A51B-B1B8366570D9}.Debug|ARM64.Build.0 = Debug|ARM64
		{E858C254-4CCD-45F8-A51B-B1B8366570D9}.Debug|ARM64.Deploy.0 = Debug|ARM64
		{E858C254-4CCD-45F8-A51B-B1B8366570D9}.Debug|x64.ActiveCfg = Debug|x64
		{E858C254-4CCD-45F8-A51B-B1B8366570D9}.Debug|x64.Build.0 = Debug|x64
		{E858C254-4CCD-45F8-A51B-B1B8366570D9}.Debug|x64.Deploy.0 = Debug|x64
		{E858C254-4CCD-45F8-A51B-B1B8366570D9}.Debug|x86.ActiveCfg = Debug|x86
		{E858C254-4CCD-45F8-A51B-B1B8366570D9}.Debug|x86.Build.0 = Debug|x86
		{E858C254-4CCD-45F8-A51B-B1B8366570D9}.Debug|x86.Deploy.0 = Debug|x86
		{E858C254-4CCD-45F8-A51B-B1B8366570D9}.Release|Any CPU.ActiveCfg = Release|x86
		{E858C254-4CCD-45F8-A51B-B1B8366570D9}.Release|ARM.ActiveCfg = Release|ARM
		{E858C254-4CCD-45F8-A51B-B1B8366570D9}.Release|ARM.Build.0 = Release|ARM
		{E858C254-4CCD-45F8-A51B-B1B8366570D9}.Release|ARM.Deploy.0 = Release|ARM
		{E858C254-4CCD-45F8-A51B-B1B8366570D9}.Release|ARM64.ActiveCfg = Release|ARM64
		{E858C254-4CCD-45F8-A51B-B1B8366570D9}.Release|ARM64.Build.0 = Release|ARM64
		{E858C254-4CCD-45F8-A51B-B1B8366570D9}.Release|ARM64.Deploy.0 = Release|ARM64
		{E858C254-4CCD-45F8-A51B-B1B8366570D9}.Release|x64.ActiveCfg = Release|x64
		{E858C254-4CCD-45F8-A51B-B1B8366570D9}.Release|x64.Build.0 = Release|x64
		{E858C254-4CCD-45F8-A51B-B1B8366570D9}.Release|x64.Deploy.0 = Release|x64
		{E858C254-4CCD-45F8-A51B-B1B8366570D9}.Release|x86.ActiveCfg = Release|x86
		{E858C254-4CCD-45F8-A51B-B1B8366570D9}.Release|x86.Build.0 = Release|x86
		{E858C254-4CCD-45F8-A51B-B1B8366570D9}.Release|x86.Deploy.0 = Release|x86
		{F4E6E766-9E81-40FC-A187-168CE59AD94D}.Debug|Any CPU.ActiveCfg = Debug|Any CPU
		{F4E6E766-9E81-40FC-A187-168CE59AD94D}.Debug|Any CPU.Build.0 = Debug|Any CPU
		{F4E6E766-9E81-40FC-A187-168CE59AD94D}.Debug|ARM.ActiveCfg = Debug|Any CPU
		{F4E6E766-9E81-40FC-A187-168CE59AD94D}.Debug|ARM.Build.0 = Debug|Any CPU
		{F4E6E766-9E81-40FC-A187-168CE59AD94D}.Debug|ARM64.ActiveCfg = Debug|Any CPU
		{F4E6E766-9E81-40FC-A187-168CE59AD94D}.Debug|ARM64.Build.0 = Debug|Any CPU
		{F4E6E766-9E81-40FC-A187-168CE59AD94D}.Debug|x64.ActiveCfg = Debug|Any CPU
		{F4E6E766-9E81-40FC-A187-168CE59AD94D}.Debug|x64.Build.0 = Debug|Any CPU
		{F4E6E766-9E81-40FC-A187-168CE59AD94D}.Debug|x86.ActiveCfg = Debug|Any CPU
		{F4E6E766-9E81-40FC-A187-168CE59AD94D}.Debug|x86.Build.0 = Debug|Any CPU
		{F4E6E766-9E81-40FC-A187-168CE59AD94D}.Release|Any CPU.ActiveCfg = Release|Any CPU
		{F4E6E766-9E81-40FC-A187-168CE59AD94D}.Release|Any CPU.Build.0 = Release|Any CPU
		{F4E6E766-9E81-40FC-A187-168CE59AD94D}.Release|ARM.ActiveCfg = Release|Any CPU
		{F4E6E766-9E81-40FC-A187-168CE59AD94D}.Release|ARM.Build.0 = Release|Any CPU
		{F4E6E766-9E81-40FC-A187-168CE59AD94D}.Release|ARM64.ActiveCfg = Release|Any CPU
		{F4E6E766-9E81-40FC-A187-168CE59AD94D}.Release|ARM64.Build.0 = Release|Any CPU
		{F4E6E766-9E81-40FC-A187-168CE59AD94D}.Release|x64.ActiveCfg = Release|Any CPU
		{F4E6E766-9E81-40FC-A187-168CE59AD94D}.Release|x64.Build.0 = Release|Any CPU
		{F4E6E766-9E81-40FC-A187-168CE59AD94D}.Release|x86.ActiveCfg = Release|Any CPU
		{F4E6E766-9E81-40FC-A187-168CE59AD94D}.Release|x86.Build.0 = Release|Any CPU
		{29DD44C2-B523-40E9-8994-D30A22581FE9}.Debug|Any CPU.ActiveCfg = Debug|Any CPU
		{29DD44C2-B523-40E9-8994-D30A22581FE9}.Debug|Any CPU.Build.0 = Debug|Any CPU
		{29DD44C2-B523-40E9-8994-D30A22581FE9}.Debug|ARM.ActiveCfg = Debug|Any CPU
		{29DD44C2-B523-40E9-8994-D30A22581FE9}.Debug|ARM.Build.0 = Debug|Any CPU
		{29DD44C2-B523-40E9-8994-D30A22581FE9}.Debug|ARM64.ActiveCfg = Debug|Any CPU
		{29DD44C2-B523-40E9-8994-D30A22581FE9}.Debug|ARM64.Build.0 = Debug|Any CPU
		{29DD44C2-B523-40E9-8994-D30A22581FE9}.Debug|x64.ActiveCfg = Debug|Any CPU
		{29DD44C2-B523-40E9-8994-D30A22581FE9}.Debug|x64.Build.0 = Debug|Any CPU
		{29DD44C2-B523-40E9-8994-D30A22581FE9}.Debug|x86.ActiveCfg = Debug|Any CPU
		{29DD44C2-B523-40E9-8994-D30A22581FE9}.Debug|x86.Build.0 = Debug|Any CPU
		{29DD44C2-B523-40E9-8994-D30A22581FE9}.Release|Any CPU.ActiveCfg = Release|Any CPU
		{29DD44C2-B523-40E9-8994-D30A22581FE9}.Release|Any CPU.Build.0 = Release|Any CPU
		{29DD44C2-B523-40E9-8994-D30A22581FE9}.Release|ARM.ActiveCfg = Release|Any CPU
		{29DD44C2-B523-40E9-8994-D30A22581FE9}.Release|ARM.Build.0 = Release|Any CPU
		{29DD44C2-B523-40E9-8994-D30A22581FE9}.Release|ARM64.ActiveCfg = Release|Any CPU
		{29DD44C2-B523-40E9-8994-D30A22581FE9}.Release|ARM64.Build.0 = Release|Any CPU
		{29DD44C2-B523-40E9-8994-D30A22581FE9}.Release|x64.ActiveCfg = Release|Any CPU
		{29DD44C2-B523-40E9-8994-D30A22581FE9}.Release|x64.Build.0 = Release|Any CPU
		{29DD44C2-B523-40E9-8994-D30A22581FE9}.Release|x86.ActiveCfg = Release|Any CPU
		{29DD44C2-B523-40E9-8994-D30A22581FE9}.Release|x86.Build.0 = Release|Any CPU
		{397A2891-8A6C-4546-AB76-5DFE231A6C45}.Debug|Any CPU.ActiveCfg = Debug|Any CPU
		{397A2891-8A6C-4546-AB76-5DFE231A6C45}.Debug|Any CPU.Build.0 = Debug|Any CPU
		{397A2891-8A6C-4546-AB76-5DFE231A6C45}.Debug|ARM.ActiveCfg = Debug|Any CPU
		{397A2891-8A6C-4546-AB76-5DFE231A6C45}.Debug|ARM.Build.0 = Debug|Any CPU
		{397A2891-8A6C-4546-AB76-5DFE231A6C45}.Debug|ARM64.ActiveCfg = Debug|Any CPU
		{397A2891-8A6C-4546-AB76-5DFE231A6C45}.Debug|ARM64.Build.0 = Debug|Any CPU
		{397A2891-8A6C-4546-AB76-5DFE231A6C45}.Debug|x64.ActiveCfg = Debug|Any CPU
		{397A2891-8A6C-4546-AB76-5DFE231A6C45}.Debug|x64.Build.0 = Debug|Any CPU
		{397A2891-8A6C-4546-AB76-5DFE231A6C45}.Debug|x86.ActiveCfg = Debug|Any CPU
		{397A2891-8A6C-4546-AB76-5DFE231A6C45}.Debug|x86.Build.0 = Debug|Any CPU
		{397A2891-8A6C-4546-AB76-5DFE231A6C45}.Release|Any CPU.ActiveCfg = Release|Any CPU
		{397A2891-8A6C-4546-AB76-5DFE231A6C45}.Release|Any CPU.Build.0 = Release|Any CPU
		{397A2891-8A6C-4546-AB76-5DFE231A6C45}.Release|ARM.ActiveCfg = Release|Any CPU
		{397A2891-8A6C-4546-AB76-5DFE231A6C45}.Release|ARM.Build.0 = Release|Any CPU
		{397A2891-8A6C-4546-AB76-5DFE231A6C45}.Release|ARM64.ActiveCfg = Release|Any CPU
		{397A2891-8A6C-4546-AB76-5DFE231A6C45}.Release|ARM64.Build.0 = Release|Any CPU
		{397A2891-8A6C-4546-AB76-5DFE231A6C45}.Release|x64.ActiveCfg = Release|Any CPU
		{397A2891-8A6C-4546-AB76-5DFE231A6C45}.Release|x64.Build.0 = Release|Any CPU
		{397A2891-8A6C-4546-AB76-5DFE231A6C45}.Release|x86.ActiveCfg = Release|Any CPU
		{397A2891-8A6C-4546-AB76-5DFE231A6C45}.Release|x86.Build.0 = Release|Any CPU
	EndGlobalSection
	GlobalSection(SolutionProperties) = preSolution
		HideSolutionNode = FALSE
	EndGlobalSection
	GlobalSection(ExtensibilityGlobals) = postSolution
		SolutionGuid = {5465895C-F799-4D43-A191-8EE9320985A7}
	EndGlobalSection
EndGlobal
